// !$*UTF8*$!
{
	archiveVersion = 1;
	classes = {
	};
	objectVersion = 46;
	objects = {

/* Begin PBXBuildFile section */
		AC221FE51DE535A300043409 /* main.m in Sources */ = {isa = PBXBuildFile; fileRef = AC221FE41DE535A300043409 /* main.m */; };
		AC221FE81DE535A300043409 /* AppDelegate.m in Sources */ = {isa = PBXBuildFile; fileRef = AC221FE71DE535A300043409 /* AppDelegate.m */; };
		AC221FEB1DE535A300043409 /* ViewController.m in Sources */ = {isa = PBXBuildFile; fileRef = AC221FEA1DE535A300043409 /* ViewController.m */; };
		AC221FEE1DE535A300043409 /* Main.storyboard in Resources */ = {isa = PBXBuildFile; fileRef = AC221FEC1DE535A300043409 /* Main.storyboard */; };
		AC221FF01DE535A300043409 /* Assets.xcassets in Resources */ = {isa = PBXBuildFile; fileRef = AC221FEF1DE535A300043409 /* Assets.xcassets */; };
		AC221FF31DE535A300043409 /* LaunchScreen.storyboard in Resources */ = {isa = PBXBuildFile; fileRef = AC221FF11DE535A300043409 /* LaunchScreen.storyboard */; };
		AC221FFD1DE535D900043409 /* YHPopMenuView.m in Sources */ = {isa = PBXBuildFile; fileRef = AC221FFC1DE535D900043409 /* YHPopMenuView.m */; };
		AC22201B1DE5378700043409 /* Info.plist in Resources */ = {isa = PBXBuildFile; fileRef = AC2220011DE5378700043409 /* Info.plist */; };
		AC22201C1DE5378700043409 /* MASCompositeConstraint.m in Sources */ = {isa = PBXBuildFile; fileRef = AC2220031DE5378700043409 /* MASCompositeConstraint.m */; };
		AC22201D1DE5378700043409 /* MASConstraint.m in Sources */ = {isa = PBXBuildFile; fileRef = AC2220061DE5378700043409 /* MASConstraint.m */; };
		AC22201E1DE5378700043409 /* MASConstraintMaker.m in Sources */ = {isa = PBXBuildFile; fileRef = AC2220081DE5378700043409 /* MASConstraintMaker.m */; };
		AC22201F1DE5378700043409 /* MASLayoutConstraint.m in Sources */ = {isa = PBXBuildFile; fileRef = AC22200A1DE5378700043409 /* MASLayoutConstraint.m */; };
		AC2220201DE5378700043409 /* MASViewAttribute.m in Sources */ = {isa = PBXBuildFile; fileRef = AC22200E1DE5378700043409 /* MASViewAttribute.m */; };
		AC2220211DE5378700043409 /* MASViewConstraint.m in Sources */ = {isa = PBXBuildFile; fileRef = AC2220101DE5378700043409 /* MASViewConstraint.m */; };
		AC2220221DE5378700043409 /* NSArray+MASAdditions.m in Sources */ = {isa = PBXBuildFile; fileRef = AC2220121DE5378700043409 /* NSArray+MASAdditions.m */; };
		AC2220231DE5378700043409 /* NSLayoutConstraint+MASDebugAdditions.m in Sources */ = {isa = PBXBuildFile; fileRef = AC2220151DE5378700043409 /* NSLayoutConstraint+MASDebugAdditions.m */; };
		AC2220241DE5378700043409 /* View+MASAdditions.m in Sources */ = {isa = PBXBuildFile; fileRef = AC2220171DE5378700043409 /* View+MASAdditions.m */; };
		AC2220251DE5378700043409 /* ViewController+MASAdditions.m in Sources */ = {isa = PBXBuildFile; fileRef = AC22201A1DE5378700043409 /* ViewController+MASAdditions.m */; };
/* End PBXBuildFile section */

/* Begin PBXFileReference section */
		AC221FE01DE535A300043409 /* YHPopMenu.app */ = {isa = PBXFileReference; explicitFileType = wrapper.application; includeInIndex = 0; path = YHPopMenu.app; sourceTree = BUILT_PRODUCTS_DIR; };
		AC221FE41DE535A300043409 /* main.m */ = {isa = PBXFileReference; lastKnownFileType = sourcecode.c.objc; path = main.m; sourceTree = "<group>"; };
		AC221FE61DE535A300043409 /* AppDelegate.h */ = {isa = PBXFileReference; lastKnownFileType = sourcecode.c.h; path = AppDelegate.h; sourceTree = "<group>"; };
		AC221FE71DE535A300043409 /* AppDelegate.m */ = {isa = PBXFileReference; lastKnownFileType = sourcecode.c.objc; path = AppDelegate.m; sourceTree = "<group>"; };
		AC221FE91DE535A300043409 /* ViewController.h */ = {isa = PBXFileReference; lastKnownFileType = sourcecode.c.h; path = ViewController.h; sourceTree = "<group>"; };
		AC221FEA1DE535A300043409 /* ViewController.m */ = {isa = PBXFileReference; lastKnownFileType = sourcecode.c.objc; path = ViewController.m; sourceTree = "<group>"; };
		AC221FED1DE535A300043409 /* Base */ = {isa = PBXFileReference; lastKnownFileType = file.storyboard; name = Base; path = Base.lproj/Main.storyboard; sourceTree = "<group>"; };
		AC221FEF1DE535A300043409 /* Assets.xcassets */ = {isa = PBXFileReference; lastKnownFileType = folder.assetcatalog; path = Assets.xcassets; sourceTree = "<group>"; };
		AC221FF21DE535A300043409 /* Base */ = {isa = PBXFileReference; lastKnownFileType = file.storyboard; name = Base; path = Base.lproj/LaunchScreen.storyboard; sourceTree = "<group>"; };
		AC221FF41DE535A300043409 /* Info.plist */ = {isa = PBXFileReference; lastKnownFileType = text.plist.xml; path = Info.plist; sourceTree = "<group>"; };
		AC221FFB1DE535D900043409 /* YHPopMenuView.h */ = {isa = PBXFileReference; fileEncoding = 4; lastKnownFileType = sourcecode.c.h; path = YHPopMenuView.h; sourceTree = "<group>"; };
		AC221FFC1DE535D900043409 /* YHPopMenuView.m */ = {isa = PBXFileReference; fileEncoding = 4; lastKnownFileType = sourcecode.c.objc; path = YHPopMenuView.m; sourceTree = "<group>"; };
		AC221FFE1DE5362D00043409 /* YHPopMenuHeader.pch */ = {isa = PBXFileReference; fileEncoding = 4; lastKnownFileType = sourcecode.c.h; path = YHPopMenuHeader.pch; sourceTree = "<group>"; };
		AC2220011DE5378700043409 /* Info.plist */ = {isa = PBXFileReference; fileEncoding = 4; lastKnownFileType = text.plist.xml; path = Info.plist; sourceTree = "<group>"; };
		AC2220021DE5378700043409 /* MASCompositeConstraint.h */ = {isa = PBXFileReference; fileEncoding = 4; lastKnownFileType = sourcecode.c.h; path = MASCompositeConstraint.h; sourceTree = "<group>"; };
		AC2220031DE5378700043409 /* MASCompositeConstraint.m */ = {isa = PBXFileReference; fileEncoding = 4; lastKnownFileType = sourcecode.c.objc; path = MASCompositeConstraint.m; sourceTree = "<group>"; };
		AC2220041DE5378700043409 /* MASConstraint+Private.h */ = {isa = PBXFileReference; fileEncoding = 4; lastKnownFileType = sourcecode.c.h; path = "MASConstraint+Private.h"; sourceTree = "<group>"; };
		AC2220051DE5378700043409 /* MASConstraint.h */ = {isa = PBXFileReference; fileEncoding = 4; lastKnownFileType = sourcecode.c.h; path = MASConstraint.h; sourceTree = "<group>"; };
		AC2220061DE5378700043409 /* MASConstraint.m */ = {isa = PBXFileReference; fileEncoding = 4; lastKnownFileType = sourcecode.c.objc; path = MASConstraint.m; sourceTree = "<group>"; };
		AC2220071DE5378700043409 /* MASConstraintMaker.h */ = {isa = PBXFileReference; fileEncoding = 4; lastKnownFileType = sourcecode.c.h; path = MASConstraintMaker.h; sourceTree = "<group>"; };
		AC2220081DE5378700043409 /* MASConstraintMaker.m */ = {isa = PBXFileReference; fileEncoding = 4; lastKnownFileType = sourcecode.c.objc; path = MASConstraintMaker.m; sourceTree = "<group>"; };
		AC2220091DE5378700043409 /* MASLayoutConstraint.h */ = {isa = PBXFileReference; fileEncoding = 4; lastKnownFileType = sourcecode.c.h; path = MASLayoutConstraint.h; sourceTree = "<group>"; };
		AC22200A1DE5378700043409 /* MASLayoutConstraint.m */ = {isa = PBXFileReference; fileEncoding = 4; lastKnownFileType = sourcecode.c.objc; path = MASLayoutConstraint.m; sourceTree = "<group>"; };
		AC22200B1DE5378700043409 /* Masonry.h */ = {isa = PBXFileReference; fileEncoding = 4; lastKnownFileType = sourcecode.c.h; path = Masonry.h; sourceTree = "<group>"; };
		AC22200C1DE5378700043409 /* MASUtilities.h */ = {isa = PBXFileReference; fileEncoding = 4; lastKnownFileType = sourcecode.c.h; path = MASUtilities.h; sourceTree = "<group>"; };
		AC22200D1DE5378700043409 /* MASViewAttribute.h */ = {isa = PBXFileReference; fileEncoding = 4; lastKnownFileType = sourcecode.c.h; path = MASViewAttribute.h; sourceTree = "<group>"; };
		AC22200E1DE5378700043409 /* MASViewAttribute.m */ = {isa = PBXFileReference; fileEncoding = 4; lastKnownFileType = sourcecode.c.objc; path = MASViewAttribute.m; sourceTree = "<group>"; };
		AC22200F1DE5378700043409 /* MASViewConstraint.h */ = {isa = PBXFileReference; fileEncoding = 4; lastKnownFileType = sourcecode.c.h; path = MASViewConstraint.h; sourceTree = "<group>"; };
		AC2220101DE5378700043409 /* MASViewConstraint.m */ = {isa = PBXFileReference; fileEncoding = 4; lastKnownFileType = sourcecode.c.objc; path = MASViewConstraint.m; sourceTree = "<group>"; };
		AC2220111DE5378700043409 /* NSArray+MASAdditions.h */ = {isa = PBXFileReference; fileEncoding = 4; lastKnownFileType = sourcecode.c.h; path = "NSArray+MASAdditions.h"; sourceTree = "<group>"; };
		AC2220121DE5378700043409 /* NSArray+MASAdditions.m */ = {isa = PBXFileReference; fileEncoding = 4; lastKnownFileType = sourcecode.c.objc; path = "NSArray+MASAdditions.m"; sourceTree = "<group>"; };
		AC2220131DE5378700043409 /* NSArray+MASShorthandAdditions.h */ = {isa = PBXFileReference; fileEncoding = 4; lastKnownFileType = sourcecode.c.h; path = "NSArray+MASShorthandAdditions.h"; sourceTree = "<group>"; };
		AC2220141DE5378700043409 /* NSLayoutConstraint+MASDebugAdditions.h */ = {isa = PBXFileReference; fileEncoding = 4; lastKnownFileType = sourcecode.c.h; path = "NSLayoutConstraint+MASDebugAdditions.h"; sourceTree = "<group>"; };
		AC2220151DE5378700043409 /* NSLayoutConstraint+MASDebugAdditions.m */ = {isa = PBXFileReference; fileEncoding = 4; lastKnownFileType = sourcecode.c.objc; path = "NSLayoutConstraint+MASDebugAdditions.m"; sourceTree = "<group>"; };
		AC2220161DE5378700043409 /* View+MASAdditions.h */ = {isa = PBXFileReference; fileEncoding = 4; lastKnownFileType = sourcecode.c.h; path = "View+MASAdditions.h"; sourceTree = "<group>"; };
		AC2220171DE5378700043409 /* View+MASAdditions.m */ = {isa = PBXFileReference; fileEncoding = 4; lastKnownFileType = sourcecode.c.objc; path = "View+MASAdditions.m"; sourceTree = "<group>"; };
		AC2220181DE5378700043409 /* View+MASShorthandAdditions.h */ = {isa = PBXFileReference; fileEncoding = 4; lastKnownFileType = sourcecode.c.h; path = "View+MASShorthandAdditions.h"; sourceTree = "<group>"; };
		AC2220191DE5378700043409 /* ViewController+MASAdditions.h */ = {isa = PBXFileReference; fileEncoding = 4; lastKnownFileType = sourcecode.c.h; path = "ViewController+MASAdditions.h"; sourceTree = "<group>"; };
		AC22201A1DE5378700043409 /* ViewController+MASAdditions.m */ = {isa = PBXFileReference; fileEncoding = 4; lastKnownFileType = sourcecode.c.objc; path = "ViewController+MASAdditions.m"; sourceTree = "<group>"; };
/* End PBXFileReference section */

/* Begin PBXFrameworksBuildPhase section */
		AC221FDD1DE535A300043409 /* Frameworks */ = {
			isa = PBXFrameworksBuildPhase;
			buildActionMask = 2147483647;
			files = (
			);
			runOnlyForDeploymentPostprocessing = 0;
		};
/* End PBXFrameworksBuildPhase section */

/* Begin PBXGroup section */
		AC221FD71DE535A300043409 = {
			isa = PBXGroup;
			children = (
				AC221FE21DE535A300043409 /* YHPopMenu */,
				AC221FE11DE535A300043409 /* Products */,
			);
			sourceTree = "<group>";
		};
		AC221FE11DE535A300043409 /* Products */ = {
			isa = PBXGroup;
			children = (
				AC221FE01DE535A300043409 /* YHPopMenu.app */,
			);
			name = Products;
			sourceTree = "<group>";
		};
		AC221FE21DE535A300043409 /* YHPopMenu */ = {
			isa = PBXGroup;
			children = (
				AC221FFF1DE5378700043409 /* Vendors */,
				AC221FFA1DE535D900043409 /* YHPopMenu */,
				AC221FE61DE535A300043409 /* AppDelegate.h */,
				AC221FE71DE535A300043409 /* AppDelegate.m */,
				AC221FE91DE535A300043409 /* ViewController.h */,
				AC221FEA1DE535A300043409 /* ViewController.m */,
				AC221FFE1DE5362D00043409 /* YHPopMenuHeader.pch */,
				AC221FEC1DE535A300043409 /* Main.storyboard */,
				AC221FEF1DE535A300043409 /* Assets.xcassets */,
				AC221FF11DE535A300043409 /* LaunchScreen.storyboard */,
				AC221FF41DE535A300043409 /* Info.plist */,
				AC221FE31DE535A300043409 /* Supporting Files */,
			);
			path = YHPopMenu;
			sourceTree = "<group>";
		};
		AC221FE31DE535A300043409 /* Supporting Files */ = {
			isa = PBXGroup;
			children = (
				AC221FE41DE535A300043409 /* main.m */,
			);
			name = "Supporting Files";
			sourceTree = "<group>";
		};
		AC221FFA1DE535D900043409 /* YHPopMenu */ = {
			isa = PBXGroup;
			children = (
				AC221FFB1DE535D900043409 /* YHPopMenuView.h */,
				AC221FFC1DE535D900043409 /* YHPopMenuView.m */,
			);
			path = YHPopMenu;
			sourceTree = "<group>";
		};
		AC221FFF1DE5378700043409 /* Vendors */ = {
			isa = PBXGroup;
			children = (
				AC2220001DE5378700043409 /* Masonry */,
			);
			path = Vendors;
			sourceTree = "<group>";
		};
		AC2220001DE5378700043409 /* Masonry */ = {
			isa = PBXGroup;
			children = (
				AC2220011DE5378700043409 /* Info.plist */,
				AC2220021DE5378700043409 /* MASCompositeConstraint.h */,
				AC2220031DE5378700043409 /* MASCompositeConstraint.m */,
				AC2220041DE5378700043409 /* MASConstraint+Private.h */,
				AC2220051DE5378700043409 /* MASConstraint.h */,
				AC2220061DE5378700043409 /* MASConstraint.m */,
				AC2220071DE5378700043409 /* MASConstraintMaker.h */,
				AC2220081DE5378700043409 /* MASConstraintMaker.m */,
				AC2220091DE5378700043409 /* MASLayoutConstraint.h */,
				AC22200A1DE5378700043409 /* MASLayoutConstraint.m */,
				AC22200B1DE5378700043409 /* Masonry.h */,
				AC22200C1DE5378700043409 /* MASUtilities.h */,
				AC22200D1DE5378700043409 /* MASViewAttribute.h */,
				AC22200E1DE5378700043409 /* MASViewAttribute.m */,
				AC22200F1DE5378700043409 /* MASViewConstraint.h */,
				AC2220101DE5378700043409 /* MASViewConstraint.m */,
				AC2220111DE5378700043409 /* NSArray+MASAdditions.h */,
				AC2220121DE5378700043409 /* NSArray+MASAdditions.m */,
				AC2220131DE5378700043409 /* NSArray+MASShorthandAdditions.h */,
				AC2220141DE5378700043409 /* NSLayoutConstraint+MASDebugAdditions.h */,
				AC2220151DE5378700043409 /* NSLayoutConstraint+MASDebugAdditions.m */,
				AC2220161DE5378700043409 /* View+MASAdditions.h */,
				AC2220171DE5378700043409 /* View+MASAdditions.m */,
				AC2220181DE5378700043409 /* View+MASShorthandAdditions.h */,
				AC2220191DE5378700043409 /* ViewController+MASAdditions.h */,
				AC22201A1DE5378700043409 /* ViewController+MASAdditions.m */,
			);
			path = Masonry;
			sourceTree = "<group>";
		};
/* End PBXGroup section */

/* Begin PBXNativeTarget section */
		AC221FDF1DE535A300043409 /* YHPopMenu */ = {
			isa = PBXNativeTarget;
			buildConfigurationList = AC221FF71DE535A300043409 /* Build configuration list for PBXNativeTarget "YHPopMenu" */;
			buildPhases = (
				AC221FDC1DE535A300043409 /* Sources */,
				AC221FDD1DE535A300043409 /* Frameworks */,
				AC221FDE1DE535A300043409 /* Resources */,
			);
			buildRules = (
			);
			dependencies = (
			);
			name = YHPopMenu;
			productName = YHPopMenu;
			productReference = AC221FE01DE535A300043409 /* YHPopMenu.app */;
			productType = "com.apple.product-type.application";
		};
/* End PBXNativeTarget section */

/* Begin PBXProject section */
		AC221FD81DE535A300043409 /* Project object */ = {
			isa = PBXProject;
			attributes = {
				LastUpgradeCheck = 0810;
				ORGANIZATIONNAME = YHSoft;
				TargetAttributes = {
					AC221FDF1DE535A300043409 = {
						CreatedOnToolsVersion = 8.1;
						ProvisioningStyle = Automatic;
					};
				};
			};
			buildConfigurationList = AC221FDB1DE535A300043409 /* Build configuration list for PBXProject "YHPopMenu" */;
			compatibilityVersion = "Xcode 3.2";
			developmentRegion = English;
			hasScannedForEncodings = 0;
			knownRegions = (
				en,
				Base,
			);
			mainGroup = AC221FD71DE535A300043409;
			productRefGroup = AC221FE11DE535A300043409 /* Products */;
			projectDirPath = "";
			projectRoot = "";
			targets = (
				AC221FDF1DE535A300043409 /* YHPopMenu */,
			);
		};
/* End PBXProject section */

/* Begin PBXResourcesBuildPhase section */
		AC221FDE1DE535A300043409 /* Resources */ = {
			isa = PBXResourcesBuildPhase;
			buildActionMask = 2147483647;
			files = (
				AC22201B1DE5378700043409 /* Info.plist in Resources */,
				AC221FF31DE535A300043409 /* LaunchScreen.storyboard in Resources */,
				AC221FF01DE535A300043409 /* Assets.xcassets in Resources */,
				AC221FEE1DE535A300043409 /* Main.storyboard in Resources */,
			);
			runOnlyForDeploymentPostprocessing = 0;
		};
/* End PBXResourcesBuildPhase section */

/* Begin PBXSourcesBuildPhase section */
		AC221FDC1DE535A300043409 /* Sources */ = {
			isa = PBXSourcesBuildPhase;
			buildActionMask = 2147483647;
			files = (
				AC22201E1DE5378700043409 /* MASConstraintMaker.m in Sources */,
				AC221FEB1DE535A300043409 /* ViewController.m in Sources */,
				AC221FE81DE535A300043409 /* AppDelegate.m in Sources */,
				AC22201D1DE5378700043409 /* MASConstraint.m in Sources */,
				AC2220251DE5378700043409 /* ViewController+MASAdditions.m in Sources */,
				AC22201F1DE5378700043409 /* MASLayoutConstraint.m in Sources */,
				AC2220221DE5378700043409 /* NSArray+MASAdditions.m in Sources */,
				AC2220211DE5378700043409 /* MASViewConstraint.m in Sources */,
				AC2220201DE5378700043409 /* MASViewAttribute.m in Sources */,
				AC2220241DE5378700043409 /* View+MASAdditions.m in Sources */,
				AC221FFD1DE535D900043409 /* YHPopMenuView.m in Sources */,
				AC221FE51DE535A300043409 /* main.m in Sources */,
				AC22201C1DE5378700043409 /* MASCompositeConstraint.m in Sources */,
				AC2220231DE5378700043409 /* NSLayoutConstraint+MASDebugAdditions.m in Sources */,
			);
			runOnlyForDeploymentPostprocessing = 0;
		};
/* End PBXSourcesBuildPhase section */

/* Begin PBXVariantGroup section */
		AC221FEC1DE535A300043409 /* Main.storyboard */ = {
			isa = PBXVariantGroup;
			children = (
				AC221FED1DE535A300043409 /* Base */,
			);
			name = Main.storyboard;
			sourceTree = "<group>";
		};
		AC221FF11DE535A300043409 /* LaunchScreen.storyboard */ = {
			isa = PBXVariantGroup;
			children = (
				AC221FF21DE535A300043409 /* Base */,
			);
			name = LaunchScreen.storyboard;
			sourceTree = "<group>";
		};
/* End PBXVariantGroup section */

/* Begin XCBuildConfiguration section */
		AC221FF51DE535A300043409 /* Debug */ = {
			isa = XCBuildConfiguration;
			buildSettings = {
				ALWAYS_SEARCH_USER_PATHS = NO;
				CLANG_ANALYZER_NONNULL = YES;
				CLANG_CXX_LANGUAGE_STANDARD = "gnu++0x";
				CLANG_CXX_LIBRARY = "libc++";
				CLANG_ENABLE_MODULES = YES;
				CLANG_ENABLE_OBJC_ARC = YES;
				CLANG_WARN_BOOL_CONVERSION = YES;
				CLANG_WARN_CONSTANT_CONVERSION = YES;
				CLANG_WARN_DIRECT_OBJC_ISA_USAGE = YES_ERROR;
				CLANG_WARN_DOCUMENTATION_COMMENTS = YES;
				CLANG_WARN_EMPTY_BODY = YES;
				CLANG_WARN_ENUM_CONVERSION = YES;
				CLANG_WARN_INFINITE_RECURSION = YES;
				CLANG_WARN_INT_CONVERSION = YES;
				CLANG_WARN_OBJC_ROOT_CLASS = YES_ERROR;
				CLANG_WARN_SUSPICIOUS_MOVES = YES;
				CLANG_WARN_UNREACHABLE_CODE = YES;
				CLANG_WARN__DUPLICATE_METHOD_MATCH = YES;
				"CODE_SIGN_IDENTITY[sdk=iphoneos*]" = "iPhone Developer";
				COPY_PHASE_STRIP = NO;
				DEBUG_INFORMATION_FORMAT = dwarf;
				ENABLE_STRICT_OBJC_MSGSEND = YES;
				ENABLE_TESTABILITY = YES;
				GCC_C_LANGUAGE_STANDARD = gnu99;
				GCC_DYNAMIC_NO_PIC = NO;
				GCC_NO_COMMON_BLOCKS = YES;
				GCC_OPTIMIZATION_LEVEL = 0;
				GCC_PREPROCESSOR_DEFINITIONS = (
					"DEBUG=1",
					"$(inherited)",
				);
				GCC_WARN_64_TO_32_BIT_CONVERSION = YES;
				GCC_WARN_ABOUT_RETURN_TYPE = YES_ERROR;
				GCC_WARN_UNDECLARED_SELECTOR = YES;
				GCC_WARN_UNINITIALIZED_AUTOS = YES_AGGRESSIVE;
				GCC_WARN_UNUSED_FUNCTION = YES;
				GCC_WARN_UNUSED_VARIABLE = YES;
				IPHONEOS_DEPLOYMENT_TARGET = 10.1;
				MTL_ENABLE_DEBUG_INFO = YES;
				ONLY_ACTIVE_ARCH = YES;
				SDKROOT = iphoneos;
				TARGETED_DEVICE_FAMILY = "1,2";
			};
			name = Debug;
		};
		AC221FF61DE535A300043409 /* Release */ = {
			isa = XCBuildConfiguration;
			buildSettings = {
				ALWAYS_SEARCH_USER_PATHS = NO;
				CLANG_ANALYZER_NONNULL = YES;
				CLANG_CXX_LANGUAGE_STANDARD = "gnu++0x";
				CLANG_CXX_LIBRARY = "libc++";
				CLANG_ENABLE_MODULES = YES;
				CLANG_ENABLE_OBJC_ARC = YES;
				CLANG_WARN_BOOL_CONVERSION = YES;
				CLANG_WARN_CONSTANT_CONVERSION = YES;
				CLANG_WARN_DIRECT_OBJC_ISA_USAGE = YES_ERROR;
				CLANG_WARN_DOCUMENTATION_COMMENTS = YES;
				CLANG_WARN_EMPTY_BODY = YES;
				CLANG_WARN_ENUM_CONVERSION = YES;
				CLANG_WARN_INFINITE_RECURSION = YES;
				CLANG_WARN_INT_CONVERSION = YES;
				CLANG_WARN_OBJC_ROOT_CLASS = YES_ERROR;
				CLANG_WARN_SUSPICIOUS_MOVES = YES;
				CLANG_WARN_UNREACHABLE_CODE = YES;
				CLANG_WARN__DUPLICATE_METHOD_MATCH = YES;
				"CODE_SIGN_IDENTITY[sdk=iphoneos*]" = "iPhone Developer";
				COPY_PHASE_STRIP = NO;
				DEBUG_INFORMATION_FORMAT = "dwarf-with-dsym";
				ENABLE_NS_ASSERTIONS = NO;
				ENABLE_STRICT_OBJC_MSGSEND = YES;
				GCC_C_LANGUAGE_STANDARD = gnu99;
				GCC_NO_COMMON_BLOCKS = YES;
				GCC_WARN_64_TO_32_BIT_CONVERSION = YES;
				GCC_WARN_ABOUT_RETURN_TYPE = YES_ERROR;
				GCC_WARN_UNDECLARED_SELECTOR = YES;
				GCC_WARN_UNINITIALIZED_AUTOS = YES_AGGRESSIVE;
				GCC_WARN_UNUSED_FUNCTION = YES;
				GCC_WARN_UNUSED_VARIABLE = YES;
				IPHONEOS_DEPLOYMENT_TARGET = 10.1;
				MTL_ENABLE_DEBUG_INFO = NO;
				SDKROOT = iphoneos;
				TARGETED_DEVICE_FAMILY = "1,2";
				VALIDATE_PRODUCT = YES;
			};
			name = Release;
		};
		AC221FF81DE535A300043409 /* Debug */ = {
			isa = XCBuildConfiguration;
			buildSettings = {
				ASSETCATALOG_COMPILER_APPICON_NAME = AppIcon;
				GCC_PREFIX_HEADER = "$(SRCROOT)/YHPopMenu/YHPopMenuHeader.pch";
				INFOPLIST_FILE = YHPopMenu/Info.plist;
				LD_RUNPATH_SEARCH_PATHS = "$(inherited) @executable_path/Frameworks";
				PRODUCT_BUNDLE_IDENTIFIER = HKP.YHPopMenu;
				PRODUCT_NAME = "$(TARGET_NAME)";
			};
			name = Debug;
		};
		AC221FF91DE535A300043409 /* Release */ = {
			isa = XCBuildConfiguration;
			buildSettings = {
				ASSETCATALOG_COMPILER_APPICON_NAME = AppIcon;
				GCC_PREFIX_HEADER = "$(SRCROOT)/YHPopMenu/YHPopMenuHeader.pch";
				INFOPLIST_FILE = YHPopMenu/Info.plist;
				LD_RUNPATH_SEARCH_PATHS = "$(inherited) @executable_path/Frameworks";
				PRODUCT_BUNDLE_IDENTIFIER = HKP.YHPopMenu;
				PRODUCT_NAME = "$(TARGET_NAME)";
			};
			name = Release;
		};
/* End XCBuildConfiguration section */

/* Begin XCConfigurationList section */
		AC221FDB1DE535A300043409 /* Build configuration list for PBXProject "YHPopMenu" */ = {
			isa = XCConfigurationList;
			buildConfigurations = (
				AC221FF51DE535A300043409 /* Debug */,
				AC221FF61DE535A300043409 /* Release */,
			);
			defaultConfigurationIsVisible = 0;
			defaultConfigurationName = Release;
		};
		AC221FF71DE535A300043409 /* Build configuration list for PBXNativeTarget "YHPopMenu" */ = {
			isa = XCConfigurationList;
			buildConfigurations = (
				AC221FF81DE535A300043409 /* Debug */,
				AC221FF91DE535A300043409 /* Release */,
			);
			defaultConfigurationIsVisible = 0;
		};
/* End XCConfigurationList section */
	};
	rootObject = AC221FD81DE535A300043409 /* Project object */;
}
